
Microsoft Visual Studio Solution File, Format Version 12.00
# Visual Studio 15
VisualStudioVersion = 15.0.28307.779
MinimumVisualStudioVersion = 10.0.40219.1
Project("{8BC9CEB8-8B4A-11D0-8D11-00A0C91BC942}") = "0828_Test", "0828_Test\0828_Test.vcxproj", "{E97A17FF-1CCB-48B1-A1B9-36AB71215909}"
EndProject
Global
	GlobalSection(SolutionConfigurationPlatforms) = preSolution
		Debug|x64 = Debug|x64
		Debug|x86 = Debug|x86
		Release|x64 = Release|x64
		Release|x86 = Release|x86
	EndGlobalSection
	GlobalSection(ProjectConfigurationPlatforms) = postSolution
		{E97A17FF-1CCB-48B1-A1B9-36AB71215909}.Debug|x64.ActiveCfg = Debug|x64
		{E97A17FF-1CCB-48B1-A1B9-36AB71215909}.Debug|x64.Build.0 = Debug|x64
		{E97A17FF-1CCB-48B1-A1B9-36AB71215909}.Debug|x86.ActiveCfg = Debug|Win32
		{E97A17FF-1CCB-48B1-A1B9-36AB71215909}.Debug|x86.Build.0 = Debug|Win32
		{E97A17FF-1CCB-48B1-A1B9-36AB71215909}.Release|x64.ActiveCfg = Release|x64
		{E97A17FF-1CCB-48B1-A1B9-36AB71215909}.Release|x64.Build.0 = Release|x64
		{E97A17FF-1CCB-48B1-A1B9-36AB71215909}.Release|x86.ActiveCfg = Release|Win32
		{E97A17FF-1CCB-48B1-A1B9-36AB71215909}.Release|x86.Build.0 = Release|Win32
	EndGlobalSection
	GlobalSection(SolutionProperties) = preSolution
		HideSolutionNode = FALSE
	EndGlobalSection
	GlobalSection(ExtensibilityGlobals) = postSolution
		SolutionGuid = {FDD2673D-C47B-47B3-BF7A-A570FFA399F1}
	EndGlobalSection
EndGlobal
